github.com/ebitengine/oto/v3 v3.5.1 h1:7gL5DxxSQp8S1Me2jDSp+gSAyondYxpjM5RPBBqLT0c=
github.com/ebitengine/oto/v3 v3.5.1/go.mod h1:Elkm7yzTRns3w2efvibzVOoQ65YOwmec9a76dCiK10o=
github.com/ebitengine/purego v0.11.1 h1:2zpWRSQNVKN4eKsKO9eM1ILDgWfYMY9GwqRmK6XeQ/0=
github.com/ebitengine/purego v0.11.1/go.mod h1:DCHPP08djqhNSoTfImcnHYQRZmd0qhakvrozqaEYhGQ=
github.com/go-text/typesetting v0.3.5 h1:XZPUooClHY0Vf/rFyUyuPRNEkawARaFzLMQcXLSEyPk=
github.com/go-text/typesetting v0.3.5/go.mod h1:XZO1hD+nQVyvVa5IicQk7FsCa4PFQaJ2soWAP1f//68=
github.com/go-text/typesetting-utils v0.0.0-20260419141703-4ffe8874dabc h1:8FGo2It5K75XkavhTiCKExUfVaVDS1feBnLCru5qeoY=
github.com/go-text/typesetting-utils v0.0.0-20260419141703-4ffe8874dabc/go.mod h1:3/62I4La/HBRX9TcTpBj4eipLiwzf+vhI+7whTc9V7o=
github.com/godbus/dbus/v5 v5.1.0 h1:4KLkAxT3aOY8Li4FRJe/KvhoNFFxo0m6fNuFUO8QJUk=
github.com/godbus/dbus/v5 v5.1.0/go.mod h1:xhWf0FNVPg57R7Z0UbKHbJfkEywrmjJnf7w5xrFpKfA=
github.com/jfreymuth/pulse v0.1.3 h1:bc5TdxiB8E+2INnFjFWWgyfgXtz2IyNNNCX+Wt/ZD14=
github.com/jfreymuth/pulse v0.1.3/go.mod h1:cpYspI6YljhkUf1WLXLLDmeaaPFc3CnGLjDZf9dZ4no=
github.com/skip2/go-qrcode v0.0.0-20200617195104-da1b6568686e h1:MRM5ITcdelLK2j1vwZ3Je0FKVCfqOLp5zO6trqMLYs0=
github.com/skip2/go-qrcode v0.0.0-20200617195104-da1b6568686e/go.mod h1:XV66xRDqSt+GTGFMVlhk3ULuV0y9ZmzeVGR4mloJI3M=
github.com/stretchr/testify v1.12.1 h1:EuwCh5fleGS7H32xRwO3wRGT7DxrDhLAT6FF8MpWDWE=
github.com/stretchr/testify v1.12.1/go.mod h1:MDEgiDPPsNp5cuIrHPPCyornHKgEVbtFUmoNlxoYthg=
github.com/tphakala/go-aac v0.7.0 h1:QuwkvhNXNaAS0CaGgpkrErXV8rmekGTi+nPIFNQZQ5s=
github.com/tphakala/go-aac v0.7.0/go.mod h1:zbnhFT1TNtHgFjbtJnW32vCi9yyaSC9tdhqyjAiti1c=
github.com/tphakala/go-m4a v0.5.0 h1:MsGA8OutWHaxZGV6H7oEbvOiCCKAmmxTG3P3+hjF6UY=
github.com/tphakala/go-m4a v0.5.0/go.mod h1:CZ4zF1xbkzCKD+amTQhzzYtghcXKSKZEDNixgRzU6sk=
github.com/tphakala/simd v1.9.0 h1:EURkGIeEMZ7V96i2TJZvLIiXj6RZebe3xdf4n4Bhynk=
github.com/tphakala/simd v1.9.0/go.mod h1:eO53GkWg40mRbr2tzs0Xb1IMZQ5U8cMR+Aa1RlXUinE=
github.com/vst93/mygo v0.3.4-0.20261008174503-6f950516197d h1:LlpfIIr/36gw1uVTpsWs0QolN5ONeZmaSktGudUM6ws=
github.com/vst93/mygo v0.3.4-0.20261008174503-6f950516197d/go.mod h1:1sRzZ6jEhKE7iuEQXjyoXDgxyxQ1uTgMHDcDKZvoDIU=
go.yaml.in/yaml/v3 v3.0.5 h1:N6y/pJk8buWs9NY5ERU2HSMfm+IuD/OtfdAnq6kESPw=
go.yaml.in/yaml/v3 v3.0.5/go.mod h1:HVTZu1O7/Vkt2N+BFy8Zza+lnLsABggaTM2ZpNIGuKg=
golang.org/x/image v0.46.0 h1:b1+oYj0Jbp6K5MDT4i4/eZpYlk3V8SJhhDKh6LBHAyQ=
golang.org/x/image v0.46.0/go.mod h1:3B3W05VGVQyuXucLINLjXKrqISASfi4Xj+iCVkLMwew=
golang.org/x/sys v0.48.0 h1:bbX/i/6MgT9BVLM9RT1thmxL04yeTAhbEz4SyadbXoo=
golang.org/x/sys v0.48.0/go.mod h1:hNLxWAXmnKAxqDtdwIYC4bM9oQPEecfsnNMuSxOs3og=
