github.com/ebitengine/oto/v3 v3.5.1 h1:7gL5DxxSQp8S1Me2jDSp+gSAyondYxpjM5RPBBqLT0c=
github.com/ebitengine/oto/v3 v3.5.1/go.mod h1:Elkm7yzTRns3w2efvibzVOoQ65YOwmec9a76dCiK10o=
github.com/ebitengine/purego v0.11.1 h1:2zpWRSQNVKN4eKsKO9eM1ILDgWfYMY9GwqRmK6XeQ/0=
github.com/ebitengine/purego v0.11.1/go.mod h1:DCHPP08djqhNSoTfImcnHYQRZmd0qhakvrozqaEYhGQ=
github.com/go-text/typesetting v0.3.5 h1:XZPUooClHY0Vf/rFyUyuPRNEkawARaFzLMQcXLSEyPk=
github.com/go-text/typesetting v0.3.5/go.mod h1:XZO1hD+nQVyvVa5IicQk7FsCa4PFQaJ2soWAP1f//68=
github.com/go-text/typesetting-utils v0.0.0-20260419141703-4ffe8874dabc h1:8FGo2It5K75XkavhTiCKExUfVaVDS1feBnLCru5qeoY=
github.com/go-text/typesetting-utils v0.0.0-20260419141703-4ffe8874dabc/go.mod h1:3/62I4La/HBRX9TcTpBj4eipLiwzf+vhI+7whTc9V7o=
github.com/jfreymuth/pulse v0.1.3 h1:bc5TdxiB8E+2INnFjFWWgyfgXtz2IyNNNCX+Wt/ZD14=
github.com/jfreymuth/pulse v0.1.3/go.mod h1:cpYspI6YljhkUf1WLXLLDmeaaPFc3CnGLjDZf9dZ4no=
github.com/quasilyte/go-ruleguard/dsl v0.3.23/go.mod h1:KeCP03KrjuSO0H1kTuZQCWlQPulDV6YMIXmpQss17rU=
github.com/stretchr/testify v1.12.1/go.mod h1:MDEgiDPPsNp5cuIrHPPCyornHKgEVbtFUmoNlxoYthg=
github.com/tphakala/go-aac v0.7.0 h1:QuwkvhNXNaAS0CaGgpkrErXV8rmekGTi+nPIFNQZQ5s=
github.com/tphakala/go-aac v0.7.0/go.mod h1:zbnhFT1TNtHgFjbtJnW32vCi9yyaSC9tdhqyjAiti1c=
github.com/tphakala/go-flac v1.1.0/go.mod h1:9MM9hnsIryw1BbD/e3iZgKMx3s34VCMlxzhSIP8gpEA=
github.com/tphakala/go-m4a v0.5.0 h1:MsGA8OutWHaxZGV6H7oEbvOiCCKAmmxTG3P3+hjF6UY=
github.com/tphakala/go-m4a v0.5.0/go.mod h1:CZ4zF1xbkzCKD+amTQhzzYtghcXKSKZEDNixgRzU6sk=
github.com/tphakala/go-opus v1.1.0/go.mod h1:57hQHipntY2+xK7sycF4CYVSXDLW3V+AiX77iOJlojQ=
github.com/tphakala/simd v1.9.0 h1:EURkGIeEMZ7V96i2TJZvLIiXj6RZebe3xdf4n4Bhynk=
github.com/tphakala/simd v1.9.0/go.mod h1:eO53GkWg40mRbr2tzs0Xb1IMZQ5U8cMR+Aa1RlXUinE=
github.com/vst93/mygo v0.3.4-0.20261008174503-6f950516197d h1:LlpfIIr/36gw1uVTpsWs0QolN5ONeZmaSktGudUM6ws=
github.com/vst93/mygo v0.3.4-0.20261008174503-6f950516197d/go.mod h1:1sRzZ6jEhKE7iuEQXjyoXDgxyxQ1uTgMHDcDKZvoDIU=
go.yaml.in/yaml/v3 v3.0.5/go.mod h1:HVTZu1O7/Vkt2N+BFy8Zza+lnLsABggaTM2ZpNIGuKg=
golang.org/x/arch v0.30.0/go.mod h1:0X+GdSIP+kL5wPmpK7sdkEVTt2XoYP0cSjQSbZBwOi8=
golang.org/x/image v0.46.0 h1:b1+oYj0Jbp6K5MDT4i4/eZpYlk3V8SJhhDKh6LBHAyQ=
golang.org/x/image v0.46.0/go.mod h1:3B3W05VGVQyuXucLINLjXKrqISASfi4Xj+iCVkLMwew=
golang.org/x/sys v0.48.0 h1:bbX/i/6MgT9BVLM9RT1thmxL04yeTAhbEz4SyadbXoo=
golang.org/x/sys v0.48.0/go.mod h1:hNLxWAXmnKAxqDtdwIYC4bM9oQPEecfsnNMuSxOs3og=
golang.org/x/text v0.42.0/go.mod h1:ojzP1Z+2QtioaF8DTtO8K5q7JWVVYwZKenzujK0Zd0E=
